// !$*UTF8*$!
{
	archiveVersion = 1;
	classes = {
	};
	objectVersion = 46;
	objects = {

/* Begin PBXBuildFile section */
		862DE4851B42B5A200CE4A6B /* main.m in Sources */ = {isa = PBXBuildFile; fileRef = 862DE4841B42B5A200CE4A6B /* main.m */; };
		862DE4881B42B5A200CE4A6B /* AppDelegate.m in Sources */ = {isa = PBXBuildFile; fileRef = 862DE4871B42B5A200CE4A6B /* AppDelegate.m */; };
		862DE48B1B42B5A200CE4A6B /* MainViewController.mm in Sources */ = {isa = PBXBuildFile; fileRef = 862DE48A1B42B5A200CE4A6B /* MainViewController.mm */; };
		862DE49F1B42B5A200CE4A6B /* bmpTests.m in Sources */ = {isa = PBXBuildFile; fileRef = 862DE49E1B42B5A200CE4A6B /* bmpTests.m */; };
		862DE4B61B42BC3E00CE4A6B /* BmpReader.cpp in Sources */ = {isa = PBXBuildFile; fileRef = 862DE4B41B42BC3E00CE4A6B /* BmpReader.cpp */; };
		862DE4B91B42C12E00CE4A6B /* FileReader.cpp in Sources */ = {isa = PBXBuildFile; fileRef = 862DE4B71B42C12E00CE4A6B /* FileReader.cpp */; };
		862DE4BC1B42C97E00CE4A6B /* LocalFileReader.cpp in Sources */ = {isa = PBXBuildFile; fileRef = 862DE4BA1B42C97E00CE4A6B /* LocalFileReader.cpp */; };
		862DE4BF1B42CC2A00CE4A6B /* SandFileReader.m in Sources */ = {isa = PBXBuildFile; fileRef = 862DE4BE1B42CC2A00CE4A6B /* SandFileReader.m */; };
/* End PBXBuildFile section */

/* Begin PBXContainerItemProxy section */
		862DE4991B42B5A200CE4A6B /* PBXContainerItemProxy */ = {
			isa = PBXContainerItemProxy;
			containerPortal = 862DE4771B42B5A200CE4A6B /* Project object */;
			proxyType = 1;
			remoteGlobalIDString = 862DE47E1B42B5A200CE4A6B;
			remoteInfo = bmp;
		};
/* End PBXContainerItemProxy section */

/* Begin PBXFileReference section */
		862DE47F1B42B5A200CE4A6B /* bmp.app */ = {isa = PBXFileReference; explicitFileType = wrapper.application; includeInIndex = 0; path = bmp.app; sourceTree = BUILT_PRODUCTS_DIR; };
		862DE4831B42B5A200CE4A6B /* Info.plist */ = {isa = PBXFileReference; lastKnownFileType = text.plist.xml; path = Info.plist; sourceTree = "<group>"; };
		862DE4841B42B5A200CE4A6B /* main.m */ = {isa = PBXFileReference; lastKnownFileType = sourcecode.c.objc; path = main.m; sourceTree = "<group>"; };
		862DE4861B42B5A200CE4A6B /* AppDelegate.h */ = {isa = PBXFileReference; lastKnownFileType = sourcecode.c.h; path = AppDelegate.h; sourceTree = "<group>"; };
		862DE4871B42B5A200CE4A6B /* AppDelegate.m */ = {isa = PBXFileReference; lastKnownFileType = sourcecode.c.objc; path = AppDelegate.m; sourceTree = "<group>"; };
		862DE4891B42B5A200CE4A6B /* MainViewController.h */ = {isa = PBXFileReference; lastKnownFileType = sourcecode.c.h; path = MainViewController.h; sourceTree = "<group>"; };
		862DE48A1B42B5A200CE4A6B /* MainViewController.mm */ = {isa = PBXFileReference; lastKnownFileType = sourcecode.cpp.objcpp; path = MainViewController.mm; sourceTree = "<group>"; };
		862DE4981B42B5A200CE4A6B /* bmpTests.xctest */ = {isa = PBXFileReference; explicitFileType = wrapper.cfbundle; includeInIndex = 0; path = bmpTests.xctest; sourceTree = BUILT_PRODUCTS_DIR; };
		862DE49D1B42B5A200CE4A6B /* Info.plist */ = {isa = PBXFileReference; lastKnownFileType = text.plist.xml; path = Info.plist; sourceTree = "<group>"; };
		862DE49E1B42B5A200CE4A6B /* bmpTests.m */ = {isa = PBXFileReference; lastKnownFileType = sourcecode.c.objc; path = bmpTests.m; sourceTree = "<group>"; };
		862DE4B41B42BC3E00CE4A6B /* BmpReader.cpp */ = {isa = PBXFileReference; fileEncoding = 4; lastKnownFileType = sourcecode.cpp.cpp; path = BmpReader.cpp; sourceTree = "<group>"; };
		862DE4B51B42BC3E00CE4A6B /* BmpReader.h */ = {isa = PBXFileReference; fileEncoding = 4; lastKnownFileType = sourcecode.c.h; path = BmpReader.h; sourceTree = "<group>"; };
		862DE4B71B42C12E00CE4A6B /* FileReader.cpp */ = {isa = PBXFileReference; fileEncoding = 4; lastKnownFileType = sourcecode.cpp.cpp; path = FileReader.cpp; sourceTree = "<group>"; };
		862DE4B81B42C12E00CE4A6B /* FileReader.h */ = {isa = PBXFileReference; fileEncoding = 4; lastKnownFileType = sourcecode.c.h; path = FileReader.h; sourceTree = "<group>"; };
		862DE4BA1B42C97E00CE4A6B /* LocalFileReader.cpp */ = {isa = PBXFileReference; fileEncoding = 4; lastKnownFileType = sourcecode.cpp.cpp; path = LocalFileReader.cpp; sourceTree = "<group>"; };
		862DE4BB1B42C97E00CE4A6B /* LocalFileReader.h */ = {isa = PBXFileReference; fileEncoding = 4; lastKnownFileType = sourcecode.c.h; path = LocalFileReader.h; sourceTree = "<group>"; };
		862DE4BD1B42CC2A00CE4A6B /* SandFileReader.h */ = {isa = PBXFileReference; fileEncoding = 4; lastKnownFileType = sourcecode.c.h; path = SandFileReader.h; sourceTree = "<group>"; };
		862DE4BE1B42CC2A00CE4A6B /* SandFileReader.m */ = {isa = PBXFileReference; fileEncoding = 4; lastKnownFileType = sourcecode.c.objc; path = SandFileReader.m; sourceTree = "<group>"; };
/* End PBXFileReference section */

/* Begin PBXFrameworksBuildPhase section */
		862DE47C1B42B5A200CE4A6B /* Frameworks */ = {
			isa = PBXFrameworksBuildPhase;
			buildActionMask = 2147483647;
			files = (
			);
			runOnlyForDeploymentPostprocessing = 0;
		};
		862DE4951B42B5A200CE4A6B /* Frameworks */ = {
			isa = PBXFrameworksBuildPhase;
			buildActionMask = 2147483647;
			files = (
			);
			runOnlyForDeploymentPostprocessing = 0;
		};
/* End PBXFrameworksBuildPhase section */

/* Begin PBXGroup section */
		862DE4761B42B5A200CE4A6B = {
			isa = PBXGroup;
			children = (
				862DE4811B42B5A200CE4A6B /* bmp */,
				862DE49B1B42B5A200CE4A6B /* bmpTests */,
				862DE4801B42B5A200CE4A6B /* Products */,
			);
			sourceTree = "<group>";
		};
		862DE4801B42B5A200CE4A6B /* Products */ = {
			isa = PBXGroup;
			children = (
				862DE47F1B42B5A200CE4A6B /* bmp.app */,
				862DE4981B42B5A200CE4A6B /* bmpTests.xctest */,
			);
			name = Products;
			sourceTree = "<group>";
		};
		862DE4811B42B5A200CE4A6B /* bmp */ = {
			isa = PBXGroup;
			children = (
				862DE4C01B4301DD00CE4A6B /* cpp */,
				862DE4861B42B5A200CE4A6B /* AppDelegate.h */,
				862DE4871B42B5A200CE4A6B /* AppDelegate.m */,
				862DE4891B42B5A200CE4A6B /* MainViewController.h */,
				862DE48A1B42B5A200CE4A6B /* MainViewController.mm */,
				862DE4BD1B42CC2A00CE4A6B /* SandFileReader.h */,
				862DE4BE1B42CC2A00CE4A6B /* SandFileReader.m */,
				862DE4821B42B5A200CE4A6B /* Supporting Files */,
			);
			path = bmp;
			sourceTree = "<group>";
		};
		862DE4821B42B5A200CE4A6B /* Supporting Files */ = {
			isa = PBXGroup;
			children = (
				862DE4831B42B5A200CE4A6B /* Info.plist */,
				862DE4841B42B5A200CE4A6B /* main.m */,
			);
			name = "Supporting Files";
			sourceTree = "<group>";
		};
		862DE49B1B42B5A200CE4A6B /* bmpTests */ = {
			isa = PBXGroup;
			children = (
				862DE49E1B42B5A200CE4A6B /* bmpTests.m */,
				862DE49C1B42B5A200CE4A6B /* Supporting Files */,
			);
			path = bmpTests;
			sourceTree = "<group>";
		};
		862DE49C1B42B5A200CE4A6B /* Supporting Files */ = {
			isa = PBXGroup;
			children = (
				862DE49D1B42B5A200CE4A6B /* Info.plist */,
			);
			name = "Supporting Files";
			sourceTree = "<group>";
		};
		862DE4C01B4301DD00CE4A6B /* cpp */ = {
			isa = PBXGroup;
			children = (
				862DE4B51B42BC3E00CE4A6B /* BmpReader.h */,
				862DE4B41B42BC3E00CE4A6B /* BmpReader.cpp */,
				862DE4B81B42C12E00CE4A6B /* FileReader.h */,
				862DE4B71B42C12E00CE4A6B /* FileReader.cpp */,
				862DE4BB1B42C97E00CE4A6B /* LocalFileReader.h */,
				862DE4BA1B42C97E00CE4A6B /* LocalFileReader.cpp */,
			);
			name = cpp;
			sourceTree = "<group>";
		};
/* End PBXGroup section */

/* Begin PBXNativeTarget section */
		862DE47E1B42B5A200CE4A6B /* bmp */ = {
			isa = PBXNativeTarget;
			buildConfigurationList = 862DE4A21B42B5A200CE4A6B /* Build configuration list for PBXNativeTarget "bmp" */;
			buildPhases = (
				862DE47B1B42B5A200CE4A6B /* Sources */,
				862DE47C1B42B5A200CE4A6B /* Frameworks */,
				862DE47D1B42B5A200CE4A6B /* Resources */,
			);
			buildRules = (
			);
			dependencies = (
			);
			name = bmp;
			productName = bmp;
			productReference = 862DE47F1B42B5A200CE4A6B /* bmp.app */;
			productType = "com.apple.product-type.application";
		};
		862DE4971B42B5A200CE4A6B /* bmpTests */ = {
			isa = PBXNativeTarget;
			buildConfigurationList = 862DE4A51B42B5A200CE4A6B /* Build configuration list for PBXNativeTarget "bmpTests" */;
			buildPhases = (
				862DE4941B42B5A200CE4A6B /* Sources */,
				862DE4951B42B5A200CE4A6B /* Frameworks */,
				862DE4961B42B5A200CE4A6B /* Resources */,
			);
			buildRules = (
			);
			dependencies = (
				862DE49A1B42B5A200CE4A6B /* PBXTargetDependency */,
			);
			name = bmpTests;
			productName = bmpTests;
			productReference = 862DE4981B42B5A200CE4A6B /* bmpTests.xctest */;
			productType = "com.apple.product-type.bundle.unit-test";
		};
/* End PBXNativeTarget section */

/* Begin PBXProject section */
		862DE4771B42B5A200CE4A6B /* Project object */ = {
			isa = PBXProject;
			attributes = {
				LastUpgradeCheck = 0630;
				ORGANIZATIONNAME = "Alexey Zabodin";
				TargetAttributes = {
					862DE47E1B42B5A200CE4A6B = {
						CreatedOnToolsVersion = 6.3.2;
					};
					862DE4971B42B5A200CE4A6B = {
						CreatedOnToolsVersion = 6.3.2;
						TestTargetID = 862DE47E1B42B5A200CE4A6B;
					};
				};
			};
			buildConfigurationList = 862DE47A1B42B5A200CE4A6B /* Build configuration list for PBXProject "bmp" */;
			compatibilityVersion = "Xcode 3.2";
			developmentRegion = English;
			hasScannedForEncodings = 0;
			knownRegions = (
				en,
				Base,
			);
			mainGroup = 862DE4761B42B5A200CE4A6B;
			productRefGroup = 862DE4801B42B5A200CE4A6B /* Products */;
			projectDirPath = "";
			projectRoot = "";
			targets = (
				862DE47E1B42B5A200CE4A6B /* bmp */,
				862DE4971B42B5A200CE4A6B /* bmpTests */,
			);
		};
/* End PBXProject section */

/* Begin PBXResourcesBuildPhase section */
		862DE47D1B42B5A200CE4A6B /* Resources */ = {
			isa = PBXResourcesBuildPhase;
			buildActionMask = 2147483647;
			files = (
			);
			runOnlyForDeploymentPostprocessing = 0;
		};
		862DE4961B42B5A200CE4A6B /* Resources */ = {
			isa = PBXResourcesBuildPhase;
			buildActionMask = 2147483647;
			files = (
			);
			runOnlyForDeploymentPostprocessing = 0;
		};
/* End PBXResourcesBuildPhase section */

/* Begin PBXSourcesBuildPhase section */
		862DE47B1B42B5A200CE4A6B /* Sources */ = {
			isa = PBXSourcesBuildPhase;
			buildActionMask = 2147483647;
			files = (
				862DE4B61B42BC3E00CE4A6B /* BmpReader.cpp in Sources */,
				862DE48B1B42B5A200CE4A6B /* MainViewController.mm in Sources */,
				862DE4881B42B5A200CE4A6B /* AppDelegate.m in Sources */,
				862DE4851B42B5A200CE4A6B /* main.m in Sources */,
				862DE4BC1B42C97E00CE4A6B /* LocalFileReader.cpp in Sources */,
				862DE4BF1B42CC2A00CE4A6B /* SandFileReader.m in Sources */,
				862DE4B91B42C12E00CE4A6B /* FileReader.cpp in Sources */,
			);
			runOnlyForDeploymentPostprocessing = 0;
		};
		862DE4941B42B5A200CE4A6B /* Sources */ = {
			isa = PBXSourcesBuildPhase;
			buildActionMask = 2147483647;
			files = (
				862DE49F1B42B5A200CE4A6B /* bmpTests.m in Sources */,
			);
			runOnlyForDeploymentPostprocessing = 0;
		};
/* End PBXSourcesBuildPhase section */

/* Begin PBXTargetDependency section */
		862DE49A1B42B5A200CE4A6B /* PBXTargetDependency */ = {
			isa = PBXTargetDependency;
			target = 862DE47E1B42B5A200CE4A6B /* bmp */;
			targetProxy = 862DE4991B42B5A200CE4A6B /* PBXContainerItemProxy */;
		};
/* End PBXTargetDependency section */

/* Begin XCBuildConfiguration section */
		862DE4A01B42B5A200CE4A6B /* Debug */ = {
			isa = XCBuildConfiguration;
			buildSettings = {
				ALWAYS_SEARCH_USER_PATHS = NO;
				CLANG_CXX_LANGUAGE_STANDARD = "gnu++0x";
				CLANG_CXX_LIBRARY = "libc++";
				CLANG_ENABLE_MODULES = YES;
				CLANG_ENABLE_OBJC_ARC = YES;
				CLANG_WARN_BOOL_CONVERSION = YES;
				CLANG_WARN_CONSTANT_CONVERSION = YES;
				CLANG_WARN_DIRECT_OBJC_ISA_USAGE = YES_ERROR;
				CLANG_WARN_EMPTY_BODY = YES;
				CLANG_WARN_ENUM_CONVERSION = YES;
				CLANG_WARN_INT_CONVERSION = YES;
				CLANG_WARN_OBJC_ROOT_CLASS = YES_ERROR;
				CLANG_WARN_UNREACHABLE_CODE = YES;
				CLANG_WARN__DUPLICATE_METHOD_MATCH = YES;
				"CODE_SIGN_IDENTITY[sdk=iphoneos*]" = "iPhone Developer";
				COPY_PHASE_STRIP = NO;
				DEBUG_INFORMATION_FORMAT = "dwarf-with-dsym";
				ENABLE_STRICT_OBJC_MSGSEND = YES;
				GCC_C_LANGUAGE_STANDARD = gnu99;
				GCC_DYNAMIC_NO_PIC = NO;
				GCC_NO_COMMON_BLOCKS = YES;
				GCC_OPTIMIZATION_LEVEL = 0;
				GCC_PREPROCESSOR_DEFINITIONS = (
					"DEBUG=1",
					"$(inherited)",
				);
				GCC_SYMBOLS_PRIVATE_EXTERN = NO;
				GCC_WARN_64_TO_32_BIT_CONVERSION = YES;
				GCC_WARN_ABOUT_RETURN_TYPE = YES_ERROR;
				GCC_WARN_UNDECLARED_SELECTOR = YES;
				GCC_WARN_UNINITIALIZED_AUTOS = YES_AGGRESSIVE;
				GCC_WARN_UNUSED_FUNCTION = YES;
				GCC_WARN_UNUSED_VARIABLE = YES;
				IPHONEOS_DEPLOYMENT_TARGET = 8.3;
				MTL_ENABLE_DEBUG_INFO = YES;
				ONLY_ACTIVE_ARCH = YES;
				SDKROOT = iphoneos;
				TARGETED_DEVICE_FAMILY = "1,2";
			};
			name = Debug;
		};
		862DE4A11B42B5A200CE4A6B /* Release */ = {
			isa = XCBuildConfiguration;
			buildSettings = {
				ALWAYS_SEARCH_USER_PATHS = NO;
				CLANG_CXX_LANGUAGE_STANDARD = "gnu++0x";
				CLANG_CXX_LIBRARY = "libc++";
				CLANG_ENABLE_MODULES = YES;
				CLANG_ENABLE_OBJC_ARC = YES;
				CLANG_WARN_BOOL_CONVERSION = YES;
				CLANG_WARN_CONSTANT_CONVERSION = YES;
				CLANG_WARN_DIRECT_OBJC_ISA_USAGE = YES_ERROR;
				CLANG_WARN_EMPTY_BODY = YES;
				CLANG_WARN_ENUM_CONVERSION = YES;
				CLANG_WARN_INT_CONVERSION = YES;
				CLANG_WARN_OBJC_ROOT_CLASS = YES_ERROR;
				CLANG_WARN_UNREACHABLE_CODE = YES;
				CLANG_WARN__DUPLICATE_METHOD_MATCH = YES;
				"CODE_SIGN_IDENTITY[sdk=iphoneos*]" = "iPhone Developer";
				COPY_PHASE_STRIP = NO;
				DEBUG_INFORMATION_FORMAT = "dwarf-with-dsym";
				ENABLE_NS_ASSERTIONS = NO;
				ENABLE_STRICT_OBJC_MSGSEND = YES;
				GCC_C_LANGUAGE_STANDARD = gnu99;
				GCC_NO_COMMON_BLOCKS = YES;
				GCC_WARN_64_TO_32_BIT_CONVERSION = YES;
				GCC_WARN_ABOUT_RETURN_TYPE = YES_ERROR;
				GCC_WARN_UNDECLARED_SELECTOR = YES;
				GCC_WARN_UNINITIALIZED_AUTOS = YES_AGGRESSIVE;
				GCC_WARN_UNUSED_FUNCTION = YES;
				GCC_WARN_UNUSED_VARIABLE = YES;
				IPHONEOS_DEPLOYMENT_TARGET = 8.3;
				MTL_ENABLE_DEBUG_INFO = NO;
				SDKROOT = iphoneos;
				TARGETED_DEVICE_FAMILY = "1,2";
				VALIDATE_PRODUCT = YES;
			};
			name = Release;
		};
		862DE4A31B42B5A200CE4A6B /* Debug */ = {
			isa = XCBuildConfiguration;
			buildSettings = {
				ASSETCATALOG_COMPILER_APPICON_NAME = AppIcon;
				INFOPLIST_FILE = bmp/Info.plist;
				LD_RUNPATH_SEARCH_PATHS = "$(inherited) @executable_path/Frameworks";
				PRODUCT_NAME = "$(TARGET_NAME)";
			};
			name = Debug;
		};
		862DE4A41B42B5A200CE4A6B /* Release */ = {
			isa = XCBuildConfiguration;
			buildSettings = {
				ASSETCATALOG_COMPILER_APPICON_NAME = AppIcon;
				INFOPLIST_FILE = bmp/Info.plist;
				LD_RUNPATH_SEARCH_PATHS = "$(inherited) @executable_path/Frameworks";
				PRODUCT_NAME = "$(TARGET_NAME)";
			};
			name = Release;
		};
		862DE4A61B42B5A200CE4A6B /* Debug */ = {
			isa = XCBuildConfiguration;
			buildSettings = {
				BUNDLE_LOADER = "$(TEST_HOST)";
				FRAMEWORK_SEARCH_PATHS = (
					"$(SDKROOT)/Developer/Library/Frameworks",
					"$(inherited)",
				);
				GCC_PREPROCESSOR_DEFINITIONS = (
					"DEBUG=1",
					"$(inherited)",
				);
				INFOPLIST_FILE = bmpTests/Info.plist;
				LD_RUNPATH_SEARCH_PATHS = "$(inherited) @executable_path/Frameworks @loader_path/Frameworks";
				PRODUCT_NAME = "$(TARGET_NAME)";
				TEST_HOST = "$(BUILT_PRODUCTS_DIR)/bmp.app/bmp";
			};
			name = Debug;
		};
		862DE4A71B42B5A200CE4A6B /* Release */ = {
			isa = XCBuildConfiguration;
			buildSettings = {
				BUNDLE_LOADER = "$(TEST_HOST)";
				FRAMEWORK_SEARCH_PATHS = (
					"$(SDKROOT)/Developer/Library/Frameworks",
					"$(inherited)",
				);
				INFOPLIST_FILE = bmpTests/Info.plist;
				LD_RUNPATH_SEARCH_PATHS = "$(inherited) @executable_path/Frameworks @loader_path/Frameworks";
				PRODUCT_NAME = "$(TARGET_NAME)";
				TEST_HOST = "$(BUILT_PRODUCTS_DIR)/bmp.app/bmp";
			};
			name = Release;
		};
/* End XCBuildConfiguration section */

/* Begin XCConfigurationList section */
		862DE47A1B42B5A200CE4A6B /* Build configuration list for PBXProject "bmp" */ = {
			isa = XCConfigurationList;
			buildConfigurations = (
				862DE4A01B42B5A200CE4A6B /* Debug */,
				862DE4A11B42B5A200CE4A6B /* Release */,
			);
			defaultConfigurationIsVisible = 0;
			defaultConfigurationName = Release;
		};
		862DE4A21B42B5A200CE4A6B /* Build configuration list for PBXNativeTarget "bmp" */ = {
			isa = XCConfigurationList;
			buildConfigurations = (
				862DE4A31B42B5A200CE4A6B /* Debug */,
				862DE4A41B42B5A200CE4A6B /* Release */,
			);
			defaultConfigurationIsVisible = 0;
		};
		862DE4A51B42B5A200CE4A6B /* Build configuration list for PBXNativeTarget "bmpTests" */ = {
			isa = XCConfigurationList;
			buildConfigurations = (
				862DE4A61B42B5A200CE4A6B /* Debug */,
				862DE4A71B42B5A200CE4A6B /* Release */,
			);
			defaultConfigurationIsVisible = 0;
		};
/* End XCConfigurationList section */
	};
	rootObject = 862DE4771B42B5A200CE4A6B /* Project object */;
}
